
Microsoft Visual Studio Solution File, Format Version 12.00
# Visual Studio Version 17
VisualStudioVersion = 17.8.34322.80
MinimumVisualStudioVersion = 10.0.40219.1
Project("{FAE04EC0-301F-11D3-BF4B-00C04F79EFBC}") = "Day01", "Day01\Day01.csproj", "{74CE7B97-4422-4F97-BA71-1E1F84F7DBB6}"
EndProject
Project("{FAE04EC0-301F-11D3-BF4B-00C04F79EFBC}") = "Day03", "Day03\Day03.csproj", "{CB6EB03E-C24D-4B33-B801-A5A50D9BC931}"
EndProject
Project("{FAE04EC0-301F-11D3-BF4B-00C04F79EFBC}") = "Day02", "Day02\Day02.csproj", "{002A9059-BD7D-485E-AF54-ACADBE766A9E}"
EndProject
Project("{FAE04EC0-301F-11D3-BF4B-00C04F79EFBC}") = "Day04", "Day04\Day04.csproj", "{AD815FE0-A663-41D5-833F-3128D4B0A39E}"
EndProject
Project("{FAE04EC0-301F-11D3-BF4B-00C04F79EFBC}") = "Day05", "Day05\Day05.csproj", "{9B4BAB75-B050-4FF6-9891-176F7ED81992}"
EndProject
Project("{FAE04EC0-301F-11D3-BF4B-00C04F79EFBC}") = "Day06", "Day06\Day06.csproj", "{1DAF1F36-A63C-4E43-AFFC-5D2C638E171C}"
EndProject
Project("{FAE04EC0-301F-11D3-BF4B-00C04F79EFBC}") = "Day07", "Day07\Day07.csproj", "{F191EEF4-246E-456A-87BB-0AABBB6C45C5}"
EndProject
Project("{FAE04EC0-301F-11D3-BF4B-00C04F79EFBC}") = "Day08", "Day08\Day08.csproj", "{422FAACE-2A91-4F9C-9108-F37A77C9CAFA}"
EndProject
Project("{FAE04EC0-301F-11D3-BF4B-00C04F79EFBC}") = "Day09", "Day09\Day09.csproj", "{DC3BA336-F73D-4ADB-8200-FA3E818E8887}"
EndProject
Project("{FAE04EC0-301F-11D3-BF4B-00C04F79EFBC}") = "Day10", "Day10\Day10.csproj", "{45F6CB8A-B15B-4454-AAA3-AC1B843D9F68}"
EndProject
Project("{FAE04EC0-301F-11D3-BF4B-00C04F79EFBC}") = "Day11", "Day11\Day11.csproj", "{3F6D0F3B-C474-419D-B351-6CABAA8989CC}"
EndProject
Project("{FAE04EC0-301F-11D3-BF4B-00C04F79EFBC}") = "Day12", "Day12\Day12.csproj", "{B2B390C3-DFEC-430D-97CA-BF81A171E15F}"
EndProject
Project("{FAE04EC0-301F-11D3-BF4B-00C04F79EFBC}") = "Day13", "Day13\Day13.csproj", "{10E62856-9E49-44D7-BAD7-85AA28C346E0}"
EndProject
Project("{FAE04EC0-301F-11D3-BF4B-00C04F79EFBC}") = "Day14", "Day14\Day14.csproj", "{E875D366-0781-48CC-972D-57BB0E922E50}"
EndProject
Project("{FAE04EC0-301F-11D3-BF4B-00C04F79EFBC}") = "Day15", "Day15\Day15.csproj", "{258FF8A6-9F7F-43A1-AADB-7FCB1B3DB15C}"
EndProject
Project("{FAE04EC0-301F-11D3-BF4B-00C04F79EFBC}") = "Day16", "Day16\Day16.csproj", "{7A694A44-5BDE-4194-951D-034D0B568692}"
EndProject
Project("{FAE04EC0-301F-11D3-BF4B-00C04F79EFBC}") = "Day17", "Day17\Day17.csproj", "{2BC1BB76-6FD3-477D-BD55-EC7BC8BE9212}"
EndProject
Project("{FAE04EC0-301F-11D3-BF4B-00C04F79EFBC}") = "Day18", "Day18\Day18.csproj", "{8683CE7E-0A7D-4083-96D9-4B9BDF232F65}"
EndProject
Project("{FAE04EC0-301F-11D3-BF4B-00C04F79EFBC}") = "Day19", "Day19\Day19.csproj", "{19A0E91C-79D8-470F-AEF3-2B4250C88298}"
EndProject
Project("{FAE04EC0-301F-11D3-BF4B-00C04F79EFBC}") = "Day20", "Day20\Day20.csproj", "{1A913777-D90E-4A44-9F97-5B073CF0A0DA}"
EndProject
Project("{FAE04EC0-301F-11D3-BF4B-00C04F79EFBC}") = "Day21", "Day21\Day21.csproj", "{4E625BA6-106A-4160-96D8-F892D66FE984}"
EndProject
Project("{FAE04EC0-301F-11D3-BF4B-00C04F79EFBC}") = "Day22", "Day22\Day22.csproj", "{C9784134-18A6-41FC-8B4A-8E8B920E00BE}"
EndProject
Project("{FAE04EC0-301F-11D3-BF4B-00C04F79EFBC}") = "Day23", "Day23\Day23.csproj", "{6C32BEF9-B034-4077-8C2E-C71C1969345E}"
EndProject
Project("{FAE04EC0-301F-11D3-BF4B-00C04F79EFBC}") = "Day24", "Day24\Day24.csproj", "{69BA60AA-9C0A-4FD0-AC6B-847920B600A5}"
EndProject
Project("{FAE04EC0-301F-11D3-BF4B-00C04F79EFBC}") = "Day25", "Day25\Day25.csproj", "{28528509-2467-47A7-839C-842CAE8D0EF9}"
EndProject
Global
	GlobalSection(SolutionConfigurationPlatforms) = preSolution
		Debug|Any CPU = Debug|Any CPU
		Release|Any CPU = Release|Any CPU
	EndGlobalSection
	GlobalSection(ProjectConfigurationPlatforms) = postSolution
		{74CE7B97-4422-4F97-BA71-1E1F84F7DBB6}.Debug|Any CPU.ActiveCfg = Debug|Any CPU
		{74CE7B97-4422-4F97-BA71-1E1F84F7DBB6}.Debug|Any CPU.Build.0 = Debug|Any CPU
		{74CE7B97-4422-4F97-BA71-1E1F84F7DBB6}.Release|Any CPU.ActiveCfg = Release|Any CPU
		{74CE7B97-4422-4F97-BA71-1E1F84F7DBB6}.Release|Any CPU.Build.0 = Release|Any CPU
		{CB6EB03E-C24D-4B33-B801-A5A50D9BC931}.Debug|Any CPU.ActiveCfg = Debug|Any CPU
		{CB6EB03E-C24D-4B33-B801-A5A50D9BC931}.Debug|Any CPU.Build.0 = Debug|Any CPU
		{CB6EB03E-C24D-4B33-B801-A5A50D9BC931}.Release|Any CPU.ActiveCfg = Release|Any CPU
		{CB6EB03E-C24D-4B33-B801-A5A50D9BC931}.Release|Any CPU.Build.0 = Release|Any CPU
		{002A9059-BD7D-485E-AF54-ACADBE766A9E}.Debug|Any CPU.ActiveCfg = Debug|Any CPU
		{002A9059-BD7D-485E-AF54-ACADBE766A9E}.Debug|Any CPU.Build.0 = Debug|Any CPU
		{002A9059-BD7D-485E-AF54-ACADBE766A9E}.Release|Any CPU.ActiveCfg = Release|Any CPU
		{002A9059-BD7D-485E-AF54-ACADBE766A9E}.Release|Any CPU.Build.0 = Release|Any CPU
		{AD815FE0-A663-41D5-833F-3128D4B0A39E}.Debug|Any CPU.ActiveCfg = Debug|Any CPU
		{AD815FE0-A663-41D5-833F-3128D4B0A39E}.Debug|Any CPU.Build.0 = Debug|Any CPU
		{AD815FE0-A663-41D5-833F-3128D4B0A39E}.Release|Any CPU.ActiveCfg = Release|Any CPU
		{AD815FE0-A663-41D5-833F-3128D4B0A39E}.Release|Any CPU.Build.0 = Release|Any CPU
		{9B4BAB75-B050-4FF6-9891-176F7ED81992}.Debug|Any CPU.ActiveCfg = Debug|Any CPU
		{9B4BAB75-B050-4FF6-9891-176F7ED81992}.Debug|Any CPU.Build.0 = Debug|Any CPU
		{9B4BAB75-B050-4FF6-9891-176F7ED81992}.Release|Any CPU.ActiveCfg = Release|Any CPU
		{9B4BAB75-B050-4FF6-9891-176F7ED81992}.Release|Any CPU.Build.0 = Release|Any CPU
		{1DAF1F36-A63C-4E43-AFFC-5D2C638E171C}.Debug|Any CPU.ActiveCfg = Debug|Any CPU
		{1DAF1F36-A63C-4E43-AFFC-5D2C638E171C}.Debug|Any CPU.Build.0 = Debug|Any CPU
		{1DAF1F36-A63C-4E43-AFFC-5D2C638E171C}.Release|Any CPU.ActiveCfg = Release|Any CPU
		{1DAF1F36-A63C-4E43-AFFC-5D2C638E171C}.Release|Any CPU.Build.0 = Release|Any CPU
		{F191EEF4-246E-456A-87BB-0AABBB6C45C5}.Debug|Any CPU.ActiveCfg = Debug|Any CPU
		{F191EEF4-246E-456A-87BB-0AABBB6C45C5}.Debug|Any CPU.Build.0 = Debug|Any CPU
		{F191EEF4-246E-456A-87BB-0AABBB6C45C5}.Release|Any CPU.ActiveCfg = Release|Any CPU
		{F191EEF4-246E-456A-87BB-0AABBB6C45C5}.Release|Any CPU.Build.0 = Release|Any CPU
		{422FAACE-2A91-4F9C-9108-F37A77C9CAFA}.Debug|Any CPU.ActiveCfg = Debug|Any CPU
		{422FAACE-2A91-4F9C-9108-F37A77C9CAFA}.Debug|Any CPU.Build.0 = Debug|Any CPU
		{422FAACE-2A91-4F9C-9108-F37A77C9CAFA}.Release|Any CPU.ActiveCfg = Release|Any CPU
		{422FAACE-2A91-4F9C-9108-F37A77C9CAFA}.Release|Any CPU.Build.0 = Release|Any CPU
		{DC3BA336-F73D-4ADB-8200-FA3E818E8887}.Debug|Any CPU.ActiveCfg = Debug|Any CPU
		{DC3BA336-F73D-4ADB-8200-FA3E818E8887}.Debug|Any CPU.Build.0 = Debug|Any CPU
		{DC3BA336-F73D-4ADB-8200-FA3E818E8887}.Release|Any CPU.ActiveCfg = Release|Any CPU
		{DC3BA336-F73D-4ADB-8200-FA3E818E8887}.Release|Any CPU.Build.0 = Release|Any CPU
		{45F6CB8A-B15B-4454-AAA3-AC1B843D9F68}.Debug|Any CPU.ActiveCfg = Debug|Any CPU
		{45F6CB8A-B15B-4454-AAA3-AC1B843D9F68}.Debug|Any CPU.Build.0 = Debug|Any CPU
		{45F6CB8A-B15B-4454-AAA3-AC1B843D9F68}.Release|Any CPU.ActiveCfg = Release|Any CPU
		{45F6CB8A-B15B-4454-AAA3-AC1B843D9F68}.Release|Any CPU.Build.0 = Release|Any CPU
		{3F6D0F3B-C474-419D-B351-6CABAA8989CC}.Debug|Any CPU.ActiveCfg = Debug|Any CPU
		{3F6D0F3B-C474-419D-B351-6CABAA8989CC}.Debug|Any CPU.Build.0 = Debug|Any CPU
		{3F6D0F3B-C474-419D-B351-6CABAA8989CC}.Release|Any CPU.ActiveCfg = Release|Any CPU
		{3F6D0F3B-C474-419D-B351-6CABAA8989CC}.Release|Any CPU.Build.0 = Release|Any CPU
		{B2B390C3-DFEC-430D-97CA-BF81A171E15F}.Debug|Any CPU.ActiveCfg = Debug|Any CPU
		{B2B390C3-DFEC-430D-97CA-BF81A171E15F}.Debug|Any CPU.Build.0 = Debug|Any CPU
		{B2B390C3-DFEC-430D-97CA-BF81A171E15F}.Release|Any CPU.ActiveCfg = Release|Any CPU
		{B2B390C3-DFEC-430D-97CA-BF81A171E15F}.Release|Any CPU.Build.0 = Release|Any CPU
		{10E62856-9E49-44D7-BAD7-85AA28C346E0}.Debug|Any CPU.ActiveCfg = Debug|Any CPU
		{10E62856-9E49-44D7-BAD7-85AA28C346E0}.Debug|Any CPU.Build.0 = Debug|Any CPU
		{10E62856-9E49-44D7-BAD7-85AA28C346E0}.Release|Any CPU.ActiveCfg = Release|Any CPU
		{10E62856-9E49-44D7-BAD7-85AA28C346E0}.Release|Any CPU.Build.0 = Release|Any CPU
		{E875D366-0781-48CC-972D-57BB0E922E50}.Debug|Any CPU.ActiveCfg = Debug|Any CPU
		{E875D366-0781-48CC-972D-57BB0E922E50}.Debug|Any CPU.Build.0 = Debug|Any CPU
		{E875D366-0781-48CC-972D-57BB0E922E50}.Release|Any CPU.ActiveCfg = Release|Any CPU
		{E875D366-0781-48CC-972D-57BB0E922E50}.Release|Any CPU.Build.0 = Release|Any CPU
		{258FF8A6-9F7F-43A1-AADB-7FCB1B3DB15C}.Debug|Any CPU.ActiveCfg = Debug|Any CPU
		{258FF8A6-9F7F-43A1-AADB-7FCB1B3DB15C}.Debug|Any CPU.Build.0 = Debug|Any CPU
		{258FF8A6-9F7F-43A1-AADB-7FCB1B3DB15C}.Release|Any CPU.ActiveCfg = Release|Any CPU
		{258FF8A6-9F7F-43A1-AADB-7FCB1B3DB15C}.Release|Any CPU.Build.0 = Release|Any CPU
		{7A694A44-5BDE-4194-951D-034D0B568692}.Debug|Any CPU.ActiveCfg = Debug|Any CPU
		{7A694A44-5BDE-4194-951D-034D0B568692}.Debug|Any CPU.Build.0 = Debug|Any CPU
		{7A694A44-5BDE-4194-951D-034D0B568692}.Release|Any CPU.ActiveCfg = Release|Any CPU
		{7A694A44-5BDE-4194-951D-034D0B568692}.Release|Any CPU.Build.0 = Release|Any CPU
		{2BC1BB76-6FD3-477D-BD55-EC7BC8BE9212}.Debug|Any CPU.ActiveCfg = Debug|Any CPU
		{2BC1BB76-6FD3-477D-BD55-EC7BC8BE9212}.Debug|Any CPU.Build.0 = Debug|Any CPU
		{2BC1BB76-6FD3-477D-BD55-EC7BC8BE9212}.Release|Any CPU.ActiveCfg = Release|Any CPU
		{2BC1BB76-6FD3-477D-BD55-EC7BC8BE9212}.Release|Any CPU.Build.0 = Release|Any CPU
		{8683CE7E-0A7D-4083-96D9-4B9BDF232F65}.Debug|Any CPU.ActiveCfg = Debug|Any CPU
		{8683CE7E-0A7D-4083-96D9-4B9BDF232F65}.Debug|Any CPU.Build.0 = Debug|Any CPU
		{8683CE7E-0A7D-4083-96D9-4B9BDF232F65}.Release|Any CPU.ActiveCfg = Release|Any CPU
		{8683CE7E-0A7D-4083-96D9-4B9BDF232F65}.Release|Any CPU.Build.0 = Release|Any CPU
		{19A0E91C-79D8-470F-AEF3-2B4250C88298}.Debug|Any CPU.ActiveCfg = Debug|Any CPU
		{19A0E91C-79D8-470F-AEF3-2B4250C88298}.Debug|Any CPU.Build.0 = Debug|Any CPU
		{19A0E91C-79D8-470F-AEF3-2B4250C88298}.Release|Any CPU.ActiveCfg = Release|Any CPU
		{19A0E91C-79D8-470F-AEF3-2B4250C88298}.Release|Any CPU.Build.0 = Release|Any CPU
		{1A913777-D90E-4A44-9F97-5B073CF0A0DA}.Debug|Any CPU.ActiveCfg = Debug|Any CPU
		{1A913777-D90E-4A44-9F97-5B073CF0A0DA}.Debug|Any CPU.Build.0 = Debug|Any CPU
		{1A913777-D90E-4A44-9F97-5B073CF0A0DA}.Release|Any CPU.ActiveCfg = Release|Any CPU
		{1A913777-D90E-4A44-9F97-5B073CF0A0DA}.Release|Any CPU.Build.0 = Release|Any CPU
		{4E625BA6-106A-4160-96D8-F892D66FE984}.Debug|Any CPU.ActiveCfg = Debug|Any CPU
		{4E625BA6-106A-4160-96D8-F892D66FE984}.Debug|Any CPU.Build.0 = Debug|Any CPU
		{4E625BA6-106A-4160-96D8-F892D66FE984}.Release|Any CPU.ActiveCfg = Release|Any CPU
		{4E625BA6-106A-4160-96D8-F892D66FE984}.Release|Any CPU.Build.0 = Release|Any CPU
		{C9784134-18A6-41FC-8B4A-8E8B920E00BE}.Debug|Any CPU.ActiveCfg = Debug|Any CPU
		{C9784134-18A6-41FC-8B4A-8E8B920E00BE}.Debug|Any CPU.Build.0 = Debug|Any CPU
		{C9784134-18A6-41FC-8B4A-8E8B920E00BE}.Release|Any CPU.ActiveCfg = Release|Any CPU
		{C9784134-18A6-41FC-8B4A-8E8B920E00BE}.Release|Any CPU.Build.0 = Release|Any CPU
		{6C32BEF9-B034-4077-8C2E-C71C1969345E}.Debug|Any CPU.ActiveCfg = Debug|Any CPU
		{6C32BEF9-B034-4077-8C2E-C71C1969345E}.Debug|Any CPU.Build.0 = Debug|Any CPU
		{6C32BEF9-B034-4077-8C2E-C71C1969345E}.Release|Any CPU.ActiveCfg = Release|Any CPU
		{6C32BEF9-B034-4077-8C2E-C71C1969345E}.Release|Any CPU.Build.0 = Release|Any CPU
		{69BA60AA-9C0A-4FD0-AC6B-847920B600A5}.Debug|Any CPU.ActiveCfg = Debug|Any CPU
		{69BA60AA-9C0A-4FD0-AC6B-847920B600A5}.Debug|Any CPU.Build.0 = Debug|Any CPU
		{69BA60AA-9C0A-4FD0-AC6B-847920B600A5}.Release|Any CPU.ActiveCfg = Release|Any CPU
		{69BA60AA-9C0A-4FD0-AC6B-847920B600A5}.Release|Any CPU.Build.0 = Release|Any CPU
		{28528509-2467-47A7-839C-842CAE8D0EF9}.Debug|Any CPU.ActiveCfg = Debug|Any CPU
		{28528509-2467-47A7-839C-842CAE8D0EF9}.Debug|Any CPU.Build.0 = Debug|Any CPU
		{28528509-2467-47A7-839C-842CAE8D0EF9}.Release|Any CPU.ActiveCfg = Release|Any CPU
		{28528509-2467-47A7-839C-842CAE8D0EF9}.Release|Any CPU.Build.0 = Release|Any CPU
	EndGlobalSection
	GlobalSection(SolutionProperties) = preSolution
		HideSolutionNode = FALSE
	EndGlobalSection
	GlobalSection(ExtensibilityGlobals) = postSolution
		SolutionGuid = {480D2DCA-4E0E-4063-B8D9-1E4EA386C8DA}
	EndGlobalSection
EndGlobal
